PODS:
  - ReactiveCocoa (2.4.7):
    - ReactiveCocoa/UI (= 2.4.7)
  - ReactiveCocoa/Core (2.4.7):
    - ReactiveCocoa/no-arc
  - ReactiveCocoa/no-arc (2.4.7)
  - ReactiveCocoa/UI (2.4.7):
    - ReactiveCocoa/Core
  - TableViewReactiveAdapter (0.0.2):
    - ReactiveCocoa (~> 2)

DEPENDENCIES:
  - TableViewReactiveAdapter (from `../`)

EXTERNAL SOURCES:
  TableViewReactiveAdapter:
    :path: ../

SPEC CHECKSUMS:
  ReactiveCocoa: 313fc53cc9aeb2bbbc3f5f13c7eac16478d9af8f
  TableViewReactiveAdapter: 5ba380334fdb2125bfb478c8ccf4afe9a585a037

COCOAPODS: 0.35.0
